{
  "requires": true,
  "lockfileVersion": 1,
  "dependencies": {
    "@mdi/react": {
      "version": "1.1.1",
      "resolved": "https://registry.npmjs.org/@mdi/react/-/react-1.1.1.tgz",
      "integrity": "sha512-acCA+UaKJeK7QBe6JRc1q7GWzG7phsHoil3i8nJLXvJk27WKDMwJpyySk4F0SREFslSM3j7/iOHJ7F+7+b6M7A==",
      "dev": true
    }
  }
}
